
Microsoft Visual Studio Solution File, Format Version 12.00
# Visual Studio Version 16
VisualStudioVersion = 16.0.31624.102
MinimumVisualStudioVersion = 10.0.40219.1
Project("{FAE04EC0-301F-11D3-BF4B-00C04F79EFBC}") = "Shikkhanobish SignarR Service", "Shikkhanobish SignarR Service.csproj", "{81174CB1-45CA-446C-A43B-65A8D725A02C}"
EndProject
Global
	GlobalSection(SolutionConfigurationPlatforms) = preSolution
		Debug|Any CPU = Debug|Any CPU
		Release|Any CPU = Release|Any CPU
	EndGlobalSection
	GlobalSection(ProjectConfigurationPlatforms) = postSolution
		{81174CB1-45CA-446C-A43B-65A8D725A02C}.Debug|Any CPU.ActiveCfg = Debug|Any CPU
		{81174CB1-45CA-446C-A43B-65A8D725A02C}.Debug|Any CPU.Build.0 = Debug|Any CPU
		{81174CB1-45CA-446C-A43B-65A8D725A02C}.Release|Any CPU.ActiveCfg = Release|Any CPU
		{81174CB1-45CA-446C-A43B-65A8D725A02C}.Release|Any CPU.Build.0 = Release|Any CPU
	EndGlobalSection
	GlobalSection(SolutionProperties) = preSolution
		HideSolutionNode = FALSE
	EndGlobalSection
	GlobalSection(ExtensibilityGlobals) = postSolution
		SolutionGuid = {69C32F84-F1A5-4B15-A503-BB77D7F820D4}
	EndGlobalSection
EndGlobal
